
Microsoft Visual Studio Solution File, Format Version 12.00
# Visual Studio Version 17
VisualStudioVersion = 17.0.31903.59
MinimumVisualStudioVersion = 10.0.40219.1
Project("{2150E333-8FDC-42A3-9474-1A3956D46DE8}") = "src", "src", "{1450F791-9D7E-4B71-AE58-64410514C9E8}"
EndProject
Project("{FAE04EC0-301F-11D3-BF4B-00C04F79EFBC}") = "SnackHub.Gateway", "src\SnackHub.Gateway\SnackHub.Gateway.csproj", "{87CBFF77-AE92-4EA7-8C9A-DCDA78592EFB}"
EndProject
Global
	GlobalSection(SolutionConfigurationPlatforms) = preSolution
		Debug|Any CPU = Debug|Any CPU
		Release|Any CPU = Release|Any CPU
	EndGlobalSection
	GlobalSection(SolutionProperties) = preSolution
		HideSolutionNode = FALSE
	EndGlobalSection
	GlobalSection(ProjectConfigurationPlatforms) = postSolution
		{87CBFF77-AE92-4EA7-8C9A-DCDA78592EFB}.Debug|Any CPU.ActiveCfg = Debug|Any CPU
		{87CBFF77-AE92-4EA7-8C9A-DCDA78592EFB}.Debug|Any CPU.Build.0 = Debug|Any CPU
		{87CBFF77-AE92-4EA7-8C9A-DCDA78592EFB}.Release|Any CPU.ActiveCfg = Release|Any CPU
		{87CBFF77-AE92-4EA7-8C9A-DCDA78592EFB}.Release|Any CPU.Build.0 = Release|Any CPU
	EndGlobalSection
	GlobalSection(NestedProjects) = preSolution
		{87CBFF77-AE92-4EA7-8C9A-DCDA78592EFB} = {1450F791-9D7E-4B71-AE58-64410514C9E8}
	EndGlobalSection
EndGlobal
